
Microsoft Visual Studio Solution File, Format Version 12.00
# Visual Studio Version 16
VisualStudioVersion = 16.0.31321.278
MinimumVisualStudioVersion = 10.0.40219.1
Project("{FAE04EC0-301F-11D3-BF4B-00C04F79EFBC}") = "Learning---157", "Learning---157\Learning---157.csproj", "{C1973609-88DB-4A3F-ACA6-65D83DECAA2E}"
EndProject
Global
	GlobalSection(SolutionConfigurationPlatforms) = preSolution
		Debug|Any CPU = Debug|Any CPU
		Release|Any CPU = Release|Any CPU
	EndGlobalSection
	GlobalSection(ProjectConfigurationPlatforms) = postSolution
		{C1973609-88DB-4A3F-ACA6-65D83DECAA2E}.Debug|Any CPU.ActiveCfg = Debug|Any CPU
		{C1973609-88DB-4A3F-ACA6-65D83DECAA2E}.Debug|Any CPU.Build.0 = Debug|Any CPU
		{C1973609-88DB-4A3F-ACA6-65D83DECAA2E}.Release|Any CPU.ActiveCfg = Release|Any CPU
		{C1973609-88DB-4A3F-ACA6-65D83DECAA2E}.Release|Any CPU.Build.0 = Release|Any CPU
	EndGlobalSection
	GlobalSection(SolutionProperties) = preSolution
		HideSolutionNode = FALSE
	EndGlobalSection
	GlobalSection(ExtensibilityGlobals) = postSolution
		SolutionGuid = {A0E6DED1-62A4-4A10-9A12-C54B812A77C7}
	EndGlobalSection
EndGlobal
